
Microsoft Visual Studio Solution File, Format Version 12.00
# Visual Studio Version 16
VisualStudioVersion = 16.0.31112.23
MinimumVisualStudioVersion = 10.0.40219.1
Project("{FAE04EC0-301F-11D3-BF4B-00C04F79EFBC}") = "TabViewer", "TabViewer.csproj", "{35EF68EF-FC72-4AB0-915F-28B6F091826D}"
EndProject
Global
	GlobalSection(SolutionConfigurationPlatforms) = preSolution
		Debug|Any CPU = Debug|Any CPU
		Release|Any CPU = Release|Any CPU
	EndGlobalSection
	GlobalSection(ProjectConfigurationPlatforms) = postSolution
		{35EF68EF-FC72-4AB0-915F-28B6F091826D}.Debug|Any CPU.ActiveCfg = Debug|Any CPU
		{35EF68EF-FC72-4AB0-915F-28B6F091826D}.Debug|Any CPU.Build.0 = Debug|Any CPU
		{35EF68EF-FC72-4AB0-915F-28B6F091826D}.Release|Any CPU.ActiveCfg = Release|Any CPU
		{35EF68EF-FC72-4AB0-915F-28B6F091826D}.Release|Any CPU.Build.0 = Release|Any CPU
	EndGlobalSection
	GlobalSection(SolutionProperties) = preSolution
		HideSolutionNode = FALSE
	EndGlobalSection
	GlobalSection(ExtensibilityGlobals) = postSolution
		SolutionGuid = {36106A80-A9F2-4A07-8D19-9E64FC65B81E}
	EndGlobalSection
EndGlobal
